
Microsoft Visual Studio Solution File, Format Version 12.00
# Visual Studio Version 16
VisualStudioVersion = 16.0.30503.244
MinimumVisualStudioVersion = 10.0.40219.1
Project("{FAE04EC0-301F-11D3-BF4B-00C04F79EFBC}") = "C0baltt.lesson08", "C0baltt.lesson08\C0baltt.lesson08.csproj", "{7535F035-E543-44B0-934B-47BBCF430715}"
EndProject
Global
	GlobalSection(SolutionConfigurationPlatforms) = preSolution
		Debug|Any CPU = Debug|Any CPU
		Release|Any CPU = Release|Any CPU
	EndGlobalSection
	GlobalSection(ProjectConfigurationPlatforms) = postSolution
		{7535F035-E543-44B0-934B-47BBCF430715}.Debug|Any CPU.ActiveCfg = Debug|Any CPU
		{7535F035-E543-44B0-934B-47BBCF430715}.Debug|Any CPU.Build.0 = Debug|Any CPU
		{7535F035-E543-44B0-934B-47BBCF430715}.Release|Any CPU.ActiveCfg = Release|Any CPU
		{7535F035-E543-44B0-934B-47BBCF430715}.Release|Any CPU.Build.0 = Release|Any CPU
	EndGlobalSection
	GlobalSection(SolutionProperties) = preSolution
		HideSolutionNode = FALSE
	EndGlobalSection
	GlobalSection(ExtensibilityGlobals) = postSolution
		SolutionGuid = {1A1C496B-3CDD-4568-ACE5-9D5761CBA081}
	EndGlobalSection
EndGlobal
